
Microsoft Visual Studio Solution File, Format Version 12.00
# Visual Studio Version 16
VisualStudioVersion = 16.0.31025.194
MinimumVisualStudioVersion = 10.0.40219.1
Project("{FAE04EC0-301F-11D3-BF4B-00C04F79EFBC}") = "Demo", "Demo\Demo.csproj", "{66D4A136-44C4-4403-90F8-C469B5113184}"
EndProject
Global
	GlobalSection(SolutionConfigurationPlatforms) = preSolution
		Debug|Any CPU = Debug|Any CPU
		Release|Any CPU = Release|Any CPU
	EndGlobalSection
	GlobalSection(ProjectConfigurationPlatforms) = postSolution
		{66D4A136-44C4-4403-90F8-C469B5113184}.Debug|Any CPU.ActiveCfg = Debug|Any CPU
		{66D4A136-44C4-4403-90F8-C469B5113184}.Debug|Any CPU.Build.0 = Debug|Any CPU
		{66D4A136-44C4-4403-90F8-C469B5113184}.Release|Any CPU.ActiveCfg = Release|Any CPU
		{66D4A136-44C4-4403-90F8-C469B5113184}.Release|Any CPU.Build.0 = Release|Any CPU
	EndGlobalSection
	GlobalSection(SolutionProperties) = preSolution
		HideSolutionNode = FALSE
	EndGlobalSection
	GlobalSection(ExtensibilityGlobals) = postSolution
		SolutionGuid = {AEA8D89D-564F-4094-893B-61E6D0B2AF60}
	EndGlobalSection
EndGlobal
